{
  "version": 4,
  "terraform_version": "1.0.0",
  "serial": 19,
  "lineage": "8f97ab1e-6580-6135-9c35-4e891e6ea124",
  "outputs": {
    "public_ip_address": {
      "value": "52.166.11.138",
      "type": "string"
    },
    "public_key": {
      "value": "ssh-rsa AAAAB3NzaC1yc2EAAAADAQABAAABAQCZ/xlBzY/Rg+Yyngt/DFy6kTusf6HLB3zhsy/r7VtsvNZ6s2LfPL8yzA+ctORACQBcMfnUUPvfje00M274X6ZeBhERp2kq0h/15EMwRXIbJorh1DpEnq5jydsYwLNB9gy71nE52XmG9rDuTOWAAE3O4jxBJErmRln3o76asXaPdU+4jwGX/hBGitPhQJhaaSENydY5NwcuP80TpPOmmKtL7Bt8eI5mCCx/qczuoPcKo/H1x19+gGsFATy55BCzCudkHb4JeTat3YwTM3KhG7DnxeZDolwmTDC+Cg1SH1J1RpOx0M9R78dtRYLBf1sFcrLw9t9nhmCGxcua9eAA8faX\n",
      "type": "string"
    },
    "resource_group_name": {
      "value": "omega1",
      "type": "string"
    }
  },
  "resources": [
    {
      "mode": "managed",
      "type": "azurerm_linux_virtual_machine",
      "name": "my_terraform_vm",
      "provider": "provider[\"registry.terraform.io/hashicorp/azurerm\"]",
      "instances": [
        {
          "schema_version": 0,
          "attributes": {
            "additional_capabilities": [],
            "admin_password": null,
            "admin_ssh_key": [
              {
                "public_key": "ssh-rsa AAAAB3NzaC1yc2EAAAADAQABAAABAQCZ/xlBzY/Rg+Yyngt/DFy6kTusf6HLB3zhsy/r7VtsvNZ6s2LfPL8yzA+ctORACQBcMfnUUPvfje00M274X6ZeBhERp2kq0h/15EMwRXIbJorh1DpEnq5jydsYwLNB9gy71nE52XmG9rDuTOWAAE3O4jxBJErmRln3o76asXaPdU+4jwGX/hBGitPhQJhaaSENydY5NwcuP80TpPOmmKtL7Bt8eI5mCCx/qczuoPcKo/H1x19+gGsFATy55BCzCudkHb4JeTat3YwTM3KhG7DnxeZDolwmTDC+Cg1SH1J1RpOx0M9R78dtRYLBf1sFcrLw9t9nhmCGxcua9eAA8faX\n",
                "username": "azureadmin"
              }
            ],
            "admin_username": "azureadmin",
            "allow_extension_operations": true,
            "availability_set_id": "",
            "boot_diagnostics": [
              {
                "storage_account_uri": "https://diagba665e41c22354671.blob.core.windows.net/"
              }
            ],
            "computer_name": "hostname",
            "custom_data": null,
            "dedicated_host_group_id": "",
            "dedicated_host_id": "",
            "disable_password_authentication": true,
            "encryption_at_host_enabled": false,
            "eviction_policy": "",
            "extensions_time_budget": "PT1H30M",
            "id": "/subscriptions/8b770f2f-8a7f-4db1-a45b-5f52b9dc6c73/resourceGroups/omega1/providers/Microsoft.Compute/virtualMachines/myVM1",
            "identity": [],
            "license_type": "",
            "location": "westeurope",
            "max_bid_price": -1,
            "name": "myVM1",
            "network_interface_ids": [
              "/subscriptions/8b770f2f-8a7f-4db1-a45b-5f52b9dc6c73/resourceGroups/omega1/providers/Microsoft.Network/networkInterfaces/myNIC1"
            ],
            "os_disk": [
              {
                "caching": "ReadWrite",
                "diff_disk_settings": [],
                "disk_encryption_set_id": "",
                "disk_size_gb": 30,
                "name": "myOsDisk1",
                "storage_account_type": "Premium_LRS",
                "write_accelerator_enabled": false
              }
            ],
            "patch_mode": "ImageDefault",
            "plan": [],
            "platform_fault_domain": -1,
            "priority": "Regular",
            "private_ip_address": "10.0.1.4",
            "private_ip_addresses": [
              "10.0.1.4"
            ],
            "provision_vm_agent": true,
            "proximity_placement_group_id": "",
            "public_ip_address": "52.166.11.138",
            "public_ip_addresses": [
              "52.166.11.138"
            ],
            "resource_group_name": "omega1",
            "secret": [],
            "secure_boot_enabled": false,
            "size": "Standard_DS1_v2",
            "source_image_id": "",
            "source_image_reference": [
              {
                "offer": "0001-com-ubuntu-server-jammy",
                "publisher": "Canonical",
                "sku": "22_04-lts-gen2",
                "version": "latest"
              }
            ],
            "tags": {},
            "timeouts": null,
            "user_data": "",
            "virtual_machine_id": "e7b43e9f-8ebf-40ca-aa00-8c51e35a4f26",
            "virtual_machine_scale_set_id": "",
            "vtpm_enabled": false,
            "zone": ""
          },
          "sensitive_attributes": [],
          "private": "eyJlMmJmYjczMC1lY2FhLTExZTYtOGY4OC0zNDM2M2JjN2M0YzAiOnsiY3JlYXRlIjoyNzAwMDAwMDAwMDAwLCJkZWxldGUiOjI3MDAwMDAwMDAwMDAsInJlYWQiOjMwMDAwMDAwMDAwMCwidXBkYXRlIjoyNzAwMDAwMDAwMDAwfX0=",
          "dependencies": [
            "azurerm_resource_group.rg",
            "azurerm_storage_account.my_storage_account",
            "azurerm_subnet.my_terraform_subnet",
            "azurerm_virtual_network.my_terraform_network",
            "random_id.random_id",
            "tls_private_key.omegakey",
            "azurerm_network_interface.my_terraform_nic",
            "azurerm_public_ip.my_terraform_public_ip"
          ]
        }
      ]
    },
    {
      "mode": "managed",
      "type": "azurerm_network_interface",
      "name": "my_terraform_nic",
      "provider": "provider[\"registry.terraform.io/hashicorp/azurerm\"]",
      "instances": [
        {
          "schema_version": 0,
          "attributes": {
            "applied_dns_servers": [],
            "dns_servers": [],
            "enable_accelerated_networking": false,
            "enable_ip_forwarding": false,
            "id": "/subscriptions/8b770f2f-8a7f-4db1-a45b-5f52b9dc6c73/resourceGroups/omega1/providers/Microsoft.Network/networkInterfaces/myNIC1",
            "internal_dns_name_label": "",
            "internal_domain_name_suffix": "ochceyn4p00ehcerzoirww2zdd.ax.internal.cloudapp.net",
            "ip_configuration": [
              {
                "gateway_load_balancer_frontend_ip_configuration_id": "",
                "name": "my_nic_configuration",
                "primary": true,
                "private_ip_address": "10.0.1.4",
                "private_ip_address_allocation": "Dynamic",
                "private_ip_address_version": "IPv4",
                "public_ip_address_id": "/subscriptions/8b770f2f-8a7f-4db1-a45b-5f52b9dc6c73/resourceGroups/omega1/providers/Microsoft.Network/publicIPAddresses/myPublicIP1",
                "subnet_id": "/subscriptions/8b770f2f-8a7f-4db1-a45b-5f52b9dc6c73/resourceGroups/omega1/providers/Microsoft.Network/virtualNetworks/myVnet1/subnets/mySubnet1"
              }
            ],
            "location": "westeurope",
            "mac_address": "60-45-BD-93-7E-09",
            "name": "myNIC1",
            "private_ip_address": "10.0.1.4",
            "private_ip_addresses": [
              "10.0.1.4"
            ],
            "resource_group_name": "omega1",
            "tags": {},
            "timeouts": null,
            "virtual_machine_id": "/subscriptions/8b770f2f-8a7f-4db1-a45b-5f52b9dc6c73/resourceGroups/omega1/providers/Microsoft.Compute/virtualMachines/myVM1"
          },
          "sensitive_attributes": [],
          "private": "eyJlMmJmYjczMC1lY2FhLTExZTYtOGY4OC0zNDM2M2JjN2M0YzAiOnsiY3JlYXRlIjoxODAwMDAwMDAwMDAwLCJkZWxldGUiOjE4MDAwMDAwMDAwMDAsInJlYWQiOjMwMDAwMDAwMDAwMCwidXBkYXRlIjoxODAwMDAwMDAwMDAwfX0=",
          "dependencies": [
            "azurerm_public_ip.my_terraform_public_ip",
            "azurerm_resource_group.rg",
            "azurerm_subnet.my_terraform_subnet",
            "azurerm_virtual_network.my_terraform_network"
          ]
        }
      ]
    },
    {
      "mode": "managed",
      "type": "azurerm_network_security_group",
      "name": "my_terraform_nsg",
      "provider": "provider[\"registry.terraform.io/hashicorp/azurerm\"]",
      "instances": [
        {
          "schema_version": 0,
          "attributes": {
            "id": "/subscriptions/8b770f2f-8a7f-4db1-a45b-5f52b9dc6c73/resourceGroups/omega1/providers/Microsoft.Network/networkSecurityGroups/myNetworkSecurityGroup1",
            "location": "westeurope",
            "name": "myNetworkSecurityGroup1",
            "resource_group_name": "omega1",
            "security_rule": [
              {
                "access": "Allow",
                "description": "",
                "destination_address_prefix": "*",
                "destination_address_prefixes": [],
                "destination_application_security_group_ids": [],
                "destination_port_range": "5432",
                "destination_port_ranges": [],
                "direction": "Inbound",
                "name": "PostgreSQL",
                "priority": 1002,
                "protocol": "Tcp",
                "source_address_prefix": "*",
                "source_address_prefixes": [],
                "source_application_security_group_ids": [],
                "source_port_range": "*",
                "source_port_ranges": []
              },
              {
                "access": "Allow",
                "description": "",
                "destination_address_prefix": "*",
                "destination_address_prefixes": [],
                "destination_application_security_group_ids": [],
                "destination_port_range": "8080",
                "destination_port_ranges": [],
                "direction": "Inbound",
                "name": "HTTP",
                "priority": 1003,
                "protocol": "Tcp",
                "source_address_prefix": "*",
                "source_address_prefixes": [],
                "source_application_security_group_ids": [],
                "source_port_range": "*",
                "source_port_ranges": []
              },
              {
                "access": "Allow",
                "description": "",
                "destination_address_prefix": "*",
                "destination_address_prefixes": [],
                "destination_application_security_group_ids": [],
                "destination_port_range": "8081",
                "destination_port_ranges": [],
                "direction": "Inbound",
                "name": "HTTPs",
                "priority": 1004,
                "protocol": "Tcp",
                "source_address_prefix": "*",
                "source_address_prefixes": [],
                "source_application_security_group_ids": [],
                "source_port_range": "*",
                "source_port_ranges": []
              },
              {
                "access": "Allow",
                "description": null,
                "destination_address_prefix": "*",
                "destination_address_prefixes": [],
                "destination_application_security_group_ids": [],
                "destination_port_range": "22",
                "destination_port_ranges": [],
                "direction": "Inbound",
                "name": "SSH",
                "priority": 1001,
                "protocol": "Tcp",
                "source_address_prefix": "*",
                "source_address_prefixes": [],
                "source_application_security_group_ids": [],
                "source_port_range": "*",
                "source_port_ranges": []
              }
            ],
            "tags": {},
            "timeouts": null
          },
          "sensitive_attributes": [],
          "private": "eyJlMmJmYjczMC1lY2FhLTExZTYtOGY4OC0zNDM2M2JjN2M0YzAiOnsiY3JlYXRlIjoxODAwMDAwMDAwMDAwLCJkZWxldGUiOjE4MDAwMDAwMDAwMDAsInJlYWQiOjMwMDAwMDAwMDAwMCwidXBkYXRlIjoxODAwMDAwMDAwMDAwfX0=",
          "dependencies": [
            "azurerm_resource_group.rg"
          ]
        }
      ]
    },
    {
      "mode": "managed",
      "type": "azurerm_public_ip",
      "name": "my_terraform_public_ip",
      "provider": "provider[\"registry.terraform.io/hashicorp/azurerm\"]",
      "instances": [
        {
          "schema_version": 0,
          "attributes": {
            "allocation_method": "Dynamic",
            "availability_zone": "No-Zone",
            "domain_name_label": null,
            "fqdn": null,
            "id": "/subscriptions/8b770f2f-8a7f-4db1-a45b-5f52b9dc6c73/resourceGroups/omega1/providers/Microsoft.Network/publicIPAddresses/myPublicIP1",
            "idle_timeout_in_minutes": 4,
            "ip_address": "52.166.11.138",
            "ip_tags": {},
            "ip_version": "IPv4",
            "location": "westeurope",
            "name": "myPublicIP1",
            "public_ip_prefix_id": null,
            "resource_group_name": "omega1",
            "reverse_fqdn": null,
            "sku": "Basic",
            "sku_tier": "Regional",
            "tags": {},
            "timeouts": null,
            "zones": []
          },
          "sensitive_attributes": [],
          "private": "eyJlMmJmYjczMC1lY2FhLTExZTYtOGY4OC0zNDM2M2JjN2M0YzAiOnsiY3JlYXRlIjoxODAwMDAwMDAwMDAwLCJkZWxldGUiOjE4MDAwMDAwMDAwMDAsInJlYWQiOjMwMDAwMDAwMDAwMCwidXBkYXRlIjoxODAwMDAwMDAwMDAwfX0=",
          "dependencies": [
            "azurerm_resource_group.rg"
          ]
        }
      ]
    },
    {
      "mode": "managed",
      "type": "azurerm_resource_group",
      "name": "rg",
      "provider": "provider[\"registry.terraform.io/hashicorp/azurerm\"]",
      "instances": [
        {
          "schema_version": 0,
          "attributes": {
            "id": "/subscriptions/8b770f2f-8a7f-4db1-a45b-5f52b9dc6c73/resourceGroups/omega1",
            "location": "westeurope",
            "name": "omega1",
            "tags": {},
            "timeouts": null
          },
          "sensitive_attributes": [],
          "private": "eyJlMmJmYjczMC1lY2FhLTExZTYtOGY4OC0zNDM2M2JjN2M0YzAiOnsiY3JlYXRlIjo1NDAwMDAwMDAwMDAwLCJkZWxldGUiOjU0MDAwMDAwMDAwMDAsInJlYWQiOjMwMDAwMDAwMDAwMCwidXBkYXRlIjo1NDAwMDAwMDAwMDAwfX0="
        }
      ]
    },
    {
      "mode": "managed",
      "type": "azurerm_sql_database",
      "name": "maDatabaseSql",
      "provider": "provider[\"registry.terraform.io/hashicorp/azurerm\"]",
      "instances": [
        {
          "schema_version": 0,
          "attributes": {
            "collation": "SQL_Latin1_General_CP1_CI_AS",
            "create_mode": "Default",
            "creation_date": "2024-01-30T15:35:59.4Z",
            "default_secondary_location": "North Europe",
            "edition": "Basic",
            "elastic_pool_name": "",
            "encryption": "",
            "extended_auditing_policy": [],
            "id": "/subscriptions/8b770f2f-8a7f-4db1-a45b-5f52b9dc6c73/resourceGroups/omega1/providers/Microsoft.Sql/servers/mon-serveur-sql1/databases/ma-base-de-donnees-sql1",
            "import": [],
            "location": "westeurope",
            "max_size_bytes": "2147483648",
            "max_size_gb": "2",
            "name": "ma-base-de-donnees-sql1",
            "read_scale": false,
            "requested_service_objective_id": "dd6d99bb-f193-4ec1-86f2-43d3bccbc49c",
            "requested_service_objective_name": "Basic",
            "resource_group_name": "omega1",
            "restore_point_in_time": null,
            "server_name": "mon-serveur-sql1",
            "source_database_deletion_date": null,
            "source_database_id": null,
            "tags": {
              "environment": "development"
            },
            "threat_detection_policy": [
              {
                "disabled_alerts": [],
                "email_account_admins": "Disabled",
                "email_addresses": [],
                "retention_days": 0,
                "state": "Disabled",
                "storage_account_access_key": "",
                "storage_endpoint": "",
                "use_server_default": "Disabled"
              }
            ],
            "timeouts": null,
            "zone_redundant": false
          },
          "sensitive_attributes": [],
          "private": "eyJlMmJmYjczMC1lY2FhLTExZTYtOGY4OC0zNDM2M2JjN2M0YzAiOnsiY3JlYXRlIjozNjAwMDAwMDAwMDAwLCJkZWxldGUiOjM2MDAwMDAwMDAwMDAsInJlYWQiOjMwMDAwMDAwMDAwMCwidXBkYXRlIjozNjAwMDAwMDAwMDAwfX0=",
          "dependencies": [
            "azurerm_resource_group.rg",
            "azurerm_sql_server.monServeurSql"
          ]
        }
      ]
    },
    {
      "mode": "managed",
      "type": "azurerm_sql_server",
      "name": "monServeurSql",
      "provider": "provider[\"registry.terraform.io/hashicorp/azurerm\"]",
      "instances": [
        {
          "schema_version": 0,
          "attributes": {
            "administrator_login": "sqladmin",
            "administrator_login_password": "ChangeMe1Password!",
            "connection_policy": "Default",
            "extended_auditing_policy": [],
            "fully_qualified_domain_name": "mon-serveur-sql1.database.windows.net",
            "id": "/subscriptions/8b770f2f-8a7f-4db1-a45b-5f52b9dc6c73/resourceGroups/omega1/providers/Microsoft.Sql/servers/mon-serveur-sql1",
            "identity": [],
            "location": "westeurope",
            "name": "mon-serveur-sql1",
            "resource_group_name": "omega1",
            "tags": {},
            "threat_detection_policy": [
              {
                "disabled_alerts": [
                  ""
                ],
                "email_account_admins": false,
                "email_addresses": [
                  ""
                ],
                "retention_days": 0,
                "state": "Enabled",
                "storage_account_access_key": "",
                "storage_endpoint": ""
              }
            ],
            "timeouts": null,
            "version": "12.0"
          },
          "sensitive_attributes": [],
          "private": "eyJlMmJmYjczMC1lY2FhLTExZTYtOGY4OC0zNDM2M2JjN2M0YzAiOnsiY3JlYXRlIjozNjAwMDAwMDAwMDAwLCJkZWxldGUiOjM2MDAwMDAwMDAwMDAsInJlYWQiOjMwMDAwMDAwMDAwMCwidXBkYXRlIjozNjAwMDAwMDAwMDAwfX0=",
          "dependencies": [
            "azurerm_resource_group.rg"
          ]
        }
      ]
    },
    {
      "mode": "managed",
      "type": "azurerm_storage_account",
      "name": "my_storage_account",
      "provider": "provider[\"registry.terraform.io/hashicorp/azurerm\"]",
      "instances": [
        {
          "schema_version": 2,
          "attributes": {
            "access_tier": "Hot",
            "account_kind": "StorageV2",
            "account_replication_type": "LRS",
            "account_tier": "Standard",
            "allow_blob_public_access": false,
            "azure_files_authentication": [],
            "blob_properties": [
              {
                "change_feed_enabled": false,
                "container_delete_retention_policy": [],
                "cors_rule": [],
                "default_service_version": "",
                "delete_retention_policy": [],
                "last_access_time_enabled": false,
                "versioning_enabled": false
              }
            ],
            "custom_domain": [],
            "customer_managed_key": [],
            "enable_https_traffic_only": true,
            "id": "/subscriptions/8b770f2f-8a7f-4db1-a45b-5f52b9dc6c73/resourceGroups/omega1/providers/Microsoft.Storage/storageAccounts/diagba665e41c22354671",
            "identity": [],
            "infrastructure_encryption_enabled": false,
            "is_hns_enabled": false,
            "large_file_share_enabled": null,
            "location": "westeurope",
            "min_tls_version": "TLS1_0",
            "name": "diagba665e41c22354671",
            "network_rules": [
              {
                "bypass": [
                  "AzureServices"
                ],
                "default_action": "Allow",
                "ip_rules": [],
                "private_link_access": [],
                "virtual_network_subnet_ids": []
              }
            ],
            "nfsv3_enabled": false,
            "primary_access_key": "KUGn1WW0YlXgicwSYlFhd3/9Ge9VGjXJ8tpqL9wK7xBSoksouD1RaB4L2fdBUe60OVLb4Tf+mlnO+ASt9rOZcw==",
            "primary_blob_connection_string": "DefaultEndpointsProtocol=https;BlobEndpoint=https://diagba665e41c22354671.blob.core.windows.net/;AccountName=diagba665e41c22354671;AccountKey=KUGn1WW0YlXgicwSYlFhd3/9Ge9VGjXJ8tpqL9wK7xBSoksouD1RaB4L2fdBUe60OVLb4Tf+mlnO+ASt9rOZcw==",
            "primary_blob_endpoint": "https://diagba665e41c22354671.blob.core.windows.net/",
            "primary_blob_host": "diagba665e41c22354671.blob.core.windows.net",
            "primary_connection_string": "DefaultEndpointsProtocol=https;AccountName=diagba665e41c22354671;AccountKey=KUGn1WW0YlXgicwSYlFhd3/9Ge9VGjXJ8tpqL9wK7xBSoksouD1RaB4L2fdBUe60OVLb4Tf+mlnO+ASt9rOZcw==;EndpointSuffix=core.windows.net",
            "primary_dfs_endpoint": "https://diagba665e41c22354671.dfs.core.windows.net/",
            "primary_dfs_host": "diagba665e41c22354671.dfs.core.windows.net",
            "primary_file_endpoint": "https://diagba665e41c22354671.file.core.windows.net/",
            "primary_file_host": "diagba665e41c22354671.file.core.windows.net",
            "primary_location": "westeurope",
            "primary_queue_endpoint": "https://diagba665e41c22354671.queue.core.windows.net/",
            "primary_queue_host": "diagba665e41c22354671.queue.core.windows.net",
            "primary_table_endpoint": "https://diagba665e41c22354671.table.core.windows.net/",
            "primary_table_host": "diagba665e41c22354671.table.core.windows.net",
            "primary_web_endpoint": "https://diagba665e41c22354671.z6.web.core.windows.net/",
            "primary_web_host": "diagba665e41c22354671.z6.web.core.windows.net",
            "queue_encryption_key_type": "Service",
            "queue_properties": [
              {
                "cors_rule": [],
                "hour_metrics": [
                  {
                    "enabled": true,
                    "include_apis": true,
                    "retention_policy_days": 7,
                    "version": "1.0"
                  }
                ],
                "logging": [
                  {
                    "delete": false,
                    "read": false,
                    "retention_policy_days": 0,
                    "version": "1.0",
                    "write": false
                  }
                ],
                "minute_metrics": [
                  {
                    "enabled": false,
                    "include_apis": false,
                    "retention_policy_days": 0,
                    "version": "1.0"
                  }
                ]
              }
            ],
            "resource_group_name": "omega1",
            "routing": [],
            "secondary_access_key": "SEsOw3f0MQKPLXg2EpVviKAaDOM1q9CtYSm/h5rAHS93C3KkLZr54GIzJSr7oe1GzozNt+ReCBeG+AStA8Sttg==",
            "secondary_blob_connection_string": "",
            "secondary_blob_endpoint": null,
            "secondary_blob_host": null,
            "secondary_connection_string": "DefaultEndpointsProtocol=https;AccountName=diagba665e41c22354671;AccountKey=SEsOw3f0MQKPLXg2EpVviKAaDOM1q9CtYSm/h5rAHS93C3KkLZr54GIzJSr7oe1GzozNt+ReCBeG+AStA8Sttg==;EndpointSuffix=core.windows.net",
            "secondary_dfs_endpoint": null,
            "secondary_dfs_host": null,
            "secondary_file_endpoint": null,
            "secondary_file_host": null,
            "secondary_location": "",
            "secondary_queue_endpoint": null,
            "secondary_queue_host": null,
            "secondary_table_endpoint": null,
            "secondary_table_host": null,
            "secondary_web_endpoint": null,
            "secondary_web_host": null,
            "share_properties": [
              {
                "cors_rule": [],
                "retention_policy": [
                  {
                    "days": 7
                  }
                ],
                "smb": []
              }
            ],
            "shared_access_key_enabled": true,
            "static_website": [],
            "table_encryption_key_type": "Service",
            "tags": {},
            "timeouts": null
          },
          "sensitive_attributes": [],
          "private": "eyJlMmJmYjczMC1lY2FhLTExZTYtOGY4OC0zNDM2M2JjN2M0YzAiOnsiY3JlYXRlIjozNjAwMDAwMDAwMDAwLCJkZWxldGUiOjM2MDAwMDAwMDAwMDAsInJlYWQiOjMwMDAwMDAwMDAwMCwidXBkYXRlIjozNjAwMDAwMDAwMDAwfSwic2NoZW1hX3ZlcnNpb24iOiIyIn0=",
          "dependencies": [
            "azurerm_resource_group.rg",
            "random_id.random_id"
          ]
        }
      ]
    },
    {
      "mode": "managed",
      "type": "azurerm_subnet",
      "name": "my_terraform_subnet",
      "provider": "provider[\"registry.terraform.io/hashicorp/azurerm\"]",
      "instances": [
        {
          "schema_version": 0,
          "attributes": {
            "address_prefix": "10.0.1.0/24",
            "address_prefixes": [
              "10.0.1.0/24"
            ],
            "delegation": [],
            "enforce_private_link_endpoint_network_policies": false,
            "enforce_private_link_service_network_policies": false,
            "id": "/subscriptions/8b770f2f-8a7f-4db1-a45b-5f52b9dc6c73/resourceGroups/omega1/providers/Microsoft.Network/virtualNetworks/myVnet1/subnets/mySubnet1",
            "name": "mySubnet1",
            "resource_group_name": "omega1",
            "service_endpoint_policy_ids": [],
            "service_endpoints": [],
            "timeouts": null,
            "virtual_network_name": "myVnet1"
          },
          "sensitive_attributes": [],
          "private": "eyJlMmJmYjczMC1lY2FhLTExZTYtOGY4OC0zNDM2M2JjN2M0YzAiOnsiY3JlYXRlIjoxODAwMDAwMDAwMDAwLCJkZWxldGUiOjE4MDAwMDAwMDAwMDAsInJlYWQiOjMwMDAwMDAwMDAwMCwidXBkYXRlIjoxODAwMDAwMDAwMDAwfX0=",
          "dependencies": [
            "azurerm_resource_group.rg",
            "azurerm_virtual_network.my_terraform_network"
          ]
        }
      ]
    },
    {
      "mode": "managed",
      "type": "azurerm_virtual_network",
      "name": "my_terraform_network",
      "provider": "provider[\"registry.terraform.io/hashicorp/azurerm\"]",
      "instances": [
        {
          "schema_version": 0,
          "attributes": {
            "address_space": [
              "10.0.0.0/16"
            ],
            "bgp_community": "",
            "ddos_protection_plan": [],
            "dns_servers": [],
            "flow_timeout_in_minutes": 0,
            "guid": "61228e70-7ebe-43b4-8891-cb911b5b991b",
            "id": "/subscriptions/8b770f2f-8a7f-4db1-a45b-5f52b9dc6c73/resourceGroups/omega1/providers/Microsoft.Network/virtualNetworks/myVnet1",
            "location": "westeurope",
            "name": "myVnet1",
            "resource_group_name": "omega1",
            "subnet": [
              {
                "address_prefix": "10.0.1.0/24",
                "id": "/subscriptions/8b770f2f-8a7f-4db1-a45b-5f52b9dc6c73/resourceGroups/omega1/providers/Microsoft.Network/virtualNetworks/myVnet1/subnets/mySubnet1",
                "name": "mySubnet1",
                "security_group": ""
              }
            ],
            "tags": {},
            "timeouts": null,
            "vm_protection_enabled": false
          },
          "sensitive_attributes": [],
          "private": "eyJlMmJmYjczMC1lY2FhLTExZTYtOGY4OC0zNDM2M2JjN2M0YzAiOnsiY3JlYXRlIjoxODAwMDAwMDAwMDAwLCJkZWxldGUiOjE4MDAwMDAwMDAwMDAsInJlYWQiOjMwMDAwMDAwMDAwMCwidXBkYXRlIjoxODAwMDAwMDAwMDAwfX0=",
          "dependencies": [
            "azurerm_resource_group.rg"
          ]
        }
      ]
    },
    {
      "mode": "managed",
      "type": "null_resource",
      "name": "public_key",
      "provider": "provider[\"registry.terraform.io/hashicorp/null\"]",
      "instances": [
        {
          "schema_version": 0,
          "attributes": {
            "id": "168702775760259430",
            "triggers": null
          },
          "sensitive_attributes": [],
          "dependencies": [
            "tls_private_key.omegakey"
          ]
        }
      ]
    },
    {
      "mode": "managed",
      "type": "random_id",
      "name": "random_id",
      "provider": "provider[\"registry.terraform.io/hashicorp/random\"]",
      "instances": [
        {
          "schema_version": 0,
          "attributes": {
            "b64_std": "umZeQcIjVGc=",
            "b64_url": "umZeQcIjVGc",
            "byte_length": 8,
            "dec": "13431526575202063463",
            "hex": "ba665e41c2235467",
            "id": "umZeQcIjVGc",
            "keepers": {
              "resource_group": "omega1"
            },
            "prefix": null
          },
          "sensitive_attributes": [],
          "dependencies": [
            "azurerm_resource_group.rg"
          ]
        }
      ]
    },
    {
      "mode": "managed",
      "type": "tls_private_key",
      "name": "omegakey",
      "provider": "provider[\"registry.terraform.io/hashicorp/tls\"]",
      "instances": [
        {
          "schema_version": 1,
          "attributes": {
            "algorithm": "RSA",
            "ecdsa_curve": "P224",
            "id": "cb09d0f7927c28df9b2fe3944449d7dddf3af651",
            "private_key_openssh": "-----BEGIN OPENSSH PRIVATE KEY-----\nb3BlbnNzaC1rZXktdjEAAAAABG5vbmUAAAAEbm9uZQAAAAAAAAABAAABFwAAAAdz\nc2gtcnNhAAAAAwEAAQAAAQEAmf8ZQc2P0YPmMp4LfwxcupE7rH+hywd84bMv6+1b\nbLzWerNi3zy/MswPnLTkQAkAXDH51FD7343tNDNu+F+mXgYREadpKtIf9eRDMEVy\nGyaK4dQ6RJ6uY8nbGMCzQfYMu9ZxOdl5hvaw7kzlgABNzuI8QSRK5kZZ96O+mrF2\nj3VPuI8Bl/4QRorT4UCYWmkhDcnWOTcHLj/NE6TzppirS+wbfHiOZggsf6nM7qD3\nCqPx9cdffoBrBQE8ueQQswrnZB2+CXk2rd2MEzNyoRuw58XmQ6JcJkwwvgoNUh9S\ndUaTsdDPUe/HbUWCwX9bBXKy8PbfZ4ZghsXLmvXgAPH2lwAAA7hVbCkkVWwpJAAA\nAAdzc2gtcnNhAAABAQCZ/xlBzY/Rg+Yyngt/DFy6kTusf6HLB3zhsy/r7VtsvNZ6\ns2LfPL8yzA+ctORACQBcMfnUUPvfje00M274X6ZeBhERp2kq0h/15EMwRXIbJorh\n1DpEnq5jydsYwLNB9gy71nE52XmG9rDuTOWAAE3O4jxBJErmRln3o76asXaPdU+4\njwGX/hBGitPhQJhaaSENydY5NwcuP80TpPOmmKtL7Bt8eI5mCCx/qczuoPcKo/H1\nx19+gGsFATy55BCzCudkHb4JeTat3YwTM3KhG7DnxeZDolwmTDC+Cg1SH1J1RpOx\n0M9R78dtRYLBf1sFcrLw9t9nhmCGxcua9eAA8faXAAAAAwEAAQAAAQBeS8hpdLf1\n8TBKGmCrwSQe0cOakuS9b65WfeSAMO1knhUvORz32TiyoCWHLXT+iQSBb9Cs45H3\nh+6RolT3HYq/1DMrfjl1kQklBkrmCgAfA/DS66NqVUgvrnDMrWKWp1WQx3S5maNC\ns1gP82IsiQMcBYgj01dRvg5lBw01qCkTGi0gPeG06MRLIy++5YK5zBOhOTGQspKZ\nhGl7QkN0xLbxMcDmQdlNTzzlkMRTNqKlzmFkc9mA2hBnLeE6nC58VJCVim8sx7QC\nNyOwu7C899rdMI/Vd6EMNlNk8pvW27TEUBSUVd22EwXneoOJtBnFWCZOFNc/RvwT\nQ1cYXIvfQWAhAAAAgQCDgnULF07AyURgNBVTu8+07fDylMYJ+KYF6RXR6G1eBD1v\nYJlYE5n237wDC39urCnFZQ9H9V4tNWOOM18RmfT5tDPq4kZ/uTpgTPgVaY/SKbwT\nWNl/0BPHnQIfxyWiQRTrDrbklYlmXwI1KNBtf6Necjr3pGE4YpGAAYEIJ5TsEwAA\nAIEAwTYPabv7E02zbVscpg4op4xcBN0wcMOvMP/nIiO5WH0BxidH6LNSLAOrgt19\nhw3qM5xadc64USL3g0AN/bUDFailoG7IFNJfeVXa7aEWiisgACCfc/E/GVrVSNxb\nXfx01i833sUX/irtb4P+lrhh3Y07ZZmQqRdtGVRdgYu+ds8AAACBAMwKoCP7OpHG\ngyZ2fY1Uy4IO6naysY5xDXIQu2pNBHppTUz50kZyv7w/H97YJxZXyhekF91exIiR\nbYGkNglyFpZ7Ilkj/mFRoRIJ6egKVoa8+8Hju4HLpOUZF36L8VOjQvQthUqMm8ux\nXbvELzRweKBgW1TufhwCRwlKdpvARvW5AAAAAAEC\n-----END OPENSSH PRIVATE KEY-----\n",
            "private_key_pem": "-----BEGIN RSA PRIVATE KEY-----\nMIIEpAIBAAKCAQEAmf8ZQc2P0YPmMp4LfwxcupE7rH+hywd84bMv6+1bbLzWerNi\n3zy/MswPnLTkQAkAXDH51FD7343tNDNu+F+mXgYREadpKtIf9eRDMEVyGyaK4dQ6\nRJ6uY8nbGMCzQfYMu9ZxOdl5hvaw7kzlgABNzuI8QSRK5kZZ96O+mrF2j3VPuI8B\nl/4QRorT4UCYWmkhDcnWOTcHLj/NE6TzppirS+wbfHiOZggsf6nM7qD3CqPx9cdf\nfoBrBQE8ueQQswrnZB2+CXk2rd2MEzNyoRuw58XmQ6JcJkwwvgoNUh9SdUaTsdDP\nUe/HbUWCwX9bBXKy8PbfZ4ZghsXLmvXgAPH2lwIDAQABAoIBAF5LyGl0t/XxMEoa\nYKvBJB7Rw5qS5L1vrlZ95IAw7WSeFS85HPfZOLKgJYctdP6JBIFv0KzjkfeH7pGi\nVPcdir/UMyt+OXWRCSUGSuYKAB8D8NLro2pVSC+ucMytYpanVZDHdLmZo0KzWA/z\nYiyJAxwFiCPTV1G+DmUHDTWoKRMaLSA94bToxEsjL77lgrnME6E5MZCykpmEaXtC\nQ3TEtvExwOZB2U1PPOWQxFM2oqXOYWRz2YDaEGct4TqcLnxUkJWKbyzHtAI3I7C7\nsLz32t0wj9V3oQw2U2Tym9bbtMRQFJRV3bYTBed6g4m0GcVYJk4U1z9G/BNDVxhc\ni99BYCECgYEAwTYPabv7E02zbVscpg4op4xcBN0wcMOvMP/nIiO5WH0BxidH6LNS\nLAOrgt19hw3qM5xadc64USL3g0AN/bUDFailoG7IFNJfeVXa7aEWiisgACCfc/E/\nGVrVSNxbXfx01i833sUX/irtb4P+lrhh3Y07ZZmQqRdtGVRdgYu+ds8CgYEAzAqg\nI/s6kcaDJnZ9jVTLgg7qdrKxjnENchC7ak0EemlNTPnSRnK/vD8f3tgnFlfKF6QX\n3V7EiJFtgaQ2CXIWlnsiWSP+YVGhEgnp6ApWhrz7weO7gcuk5RkXfovxU6NC9C2F\nSoyby7Fdu8QvNHB4oGBbVO5+HAJHCUp2m8BG9bkCgYEAtZ9B4dzpaf3ymuu5BIfu\nw4F3xsK+FGJ+vwrvlPIL+xiXoFOwjxhyOBnDEiNvKpN0AswJZRDLxsmd7e06ubF8\nktGT0DoTLy+KvB5uzE5PR9a+ICCKg4zWCdmPAQzTfoggtG5ykKCpqy1jQR7NJZVx\nubhXi2xNxgXVcqgRtgNNKZUCgYAH+S5S2aFrSuebHCxB1ptxRKXy5366wz40Q+Ue\n/U18fxrvNB/8csV9VLYpHidA30NdcyMfmnFxqMUvuLwH2HZ7gOpRs29gXDFAJDUI\nxUamU0I/TGfqZYvXDAj3//35N7sJEbJQvHfmGNNB4CO8F90O31USV5OEAq7F9Sv3\nYCcluQKBgQCDgnULF07AyURgNBVTu8+07fDylMYJ+KYF6RXR6G1eBD1vYJlYE5n2\n37wDC39urCnFZQ9H9V4tNWOOM18RmfT5tDPq4kZ/uTpgTPgVaY/SKbwTWNl/0BPH\nnQIfxyWiQRTrDrbklYlmXwI1KNBtf6Necjr3pGE4YpGAAYEIJ5TsEw==\n-----END RSA PRIVATE KEY-----\n",
            "private_key_pem_pkcs8": "-----BEGIN PRIVATE KEY-----\nMIIEvgIBADANBgkqhkiG9w0BAQEFAASCBKgwggSkAgEAAoIBAQCZ/xlBzY/Rg+Yy\nngt/DFy6kTusf6HLB3zhsy/r7VtsvNZ6s2LfPL8yzA+ctORACQBcMfnUUPvfje00\nM274X6ZeBhERp2kq0h/15EMwRXIbJorh1DpEnq5jydsYwLNB9gy71nE52XmG9rDu\nTOWAAE3O4jxBJErmRln3o76asXaPdU+4jwGX/hBGitPhQJhaaSENydY5NwcuP80T\npPOmmKtL7Bt8eI5mCCx/qczuoPcKo/H1x19+gGsFATy55BCzCudkHb4JeTat3YwT\nM3KhG7DnxeZDolwmTDC+Cg1SH1J1RpOx0M9R78dtRYLBf1sFcrLw9t9nhmCGxcua\n9eAA8faXAgMBAAECggEAXkvIaXS39fEwShpgq8EkHtHDmpLkvW+uVn3kgDDtZJ4V\nLzkc99k4sqAlhy10/okEgW/QrOOR94fukaJU9x2Kv9QzK345dZEJJQZK5goAHwPw\n0uujalVIL65wzK1ilqdVkMd0uZmjQrNYD/NiLIkDHAWII9NXUb4OZQcNNagpExot\nID3htOjESyMvvuWCucwToTkxkLKSmYRpe0JDdMS28THA5kHZTU885ZDEUzaipc5h\nZHPZgNoQZy3hOpwufFSQlYpvLMe0AjcjsLuwvPfa3TCP1XehDDZTZPKb1tu0xFAU\nlFXdthMF53qDibQZxVgmThTXP0b8E0NXGFyL30FgIQKBgQDBNg9pu/sTTbNtWxym\nDiinjFwE3TBww68w/+ciI7lYfQHGJ0fos1IsA6uC3X2HDeoznFp1zrhRIveDQA39\ntQMVqKWgbsgU0l95VdrtoRaKKyAAIJ9z8T8ZWtVI3Ftd/HTWLzfexRf+Ku1vg/6W\nuGHdjTtlmZCpF20ZVF2Bi752zwKBgQDMCqAj+zqRxoMmdn2NVMuCDup2srGOcQ1y\nELtqTQR6aU1M+dJGcr+8Px/e2CcWV8oXpBfdXsSIkW2BpDYJchaWeyJZI/5hUaES\nCenoClaGvPvB47uBy6TlGRd+i/FTo0L0LYVKjJvLsV27xC80cHigYFtU7n4cAkcJ\nSnabwEb1uQKBgQC1n0Hh3Olp/fKa67kEh+7DgXfGwr4UYn6/Cu+U8gv7GJegU7CP\nGHI4GcMSI28qk3QCzAllEMvGyZ3t7Tq5sXyS0ZPQOhMvL4q8Hm7MTk9H1r4gIIqD\njNYJ2Y8BDNN+iCC0bnKQoKmrLWNBHs0llXG5uFeLbE3GBdVyqBG2A00plQKBgAf5\nLlLZoWtK55scLEHWm3FEpfLnfrrDPjRD5R79TXx/Gu80H/xyxX1UtikeJ0DfQ11z\nIx+acXGoxS+4vAfYdnuA6lGzb2BcMUAkNQjFRqZTQj9MZ+pli9cMCPf//fk3uwkR\nslC8d+YY00HgI7wX3Q7fVRJXk4QCrsX1K/dgJyW5AoGBAIOCdQsXTsDJRGA0FVO7\nz7Tt8PKUxgn4pgXpFdHobV4EPW9gmVgTmfbfvAMLf26sKcVlD0f1Xi01Y44zXxGZ\n9Pm0M+riRn+5OmBM+BVpj9IpvBNY2X/QE8edAh/HJaJBFOsOtuSViWZfAjUo0G1/\no15yOvekYThikYABgQgnlOwT\n-----END PRIVATE KEY-----\n",
            "public_key_fingerprint_md5": "bb:74:5b:1e:72:76:f0:9d:cc:16:3f:46:d9:0e:97:9e",
            "public_key_fingerprint_sha256": "SHA256:sIhgRaL5EnsGYczB/HOywJdp/uEI0svF+Kazr9fmMoY",
            "public_key_openssh": "ssh-rsa AAAAB3NzaC1yc2EAAAADAQABAAABAQCZ/xlBzY/Rg+Yyngt/DFy6kTusf6HLB3zhsy/r7VtsvNZ6s2LfPL8yzA+ctORACQBcMfnUUPvfje00M274X6ZeBhERp2kq0h/15EMwRXIbJorh1DpEnq5jydsYwLNB9gy71nE52XmG9rDuTOWAAE3O4jxBJErmRln3o76asXaPdU+4jwGX/hBGitPhQJhaaSENydY5NwcuP80TpPOmmKtL7Bt8eI5mCCx/qczuoPcKo/H1x19+gGsFATy55BCzCudkHb4JeTat3YwTM3KhG7DnxeZDolwmTDC+Cg1SH1J1RpOx0M9R78dtRYLBf1sFcrLw9t9nhmCGxcua9eAA8faX\n",
            "public_key_pem": "-----BEGIN PUBLIC KEY-----\nMIIBIjANBgkqhkiG9w0BAQEFAAOCAQ8AMIIBCgKCAQEAmf8ZQc2P0YPmMp4Lfwxc\nupE7rH+hywd84bMv6+1bbLzWerNi3zy/MswPnLTkQAkAXDH51FD7343tNDNu+F+m\nXgYREadpKtIf9eRDMEVyGyaK4dQ6RJ6uY8nbGMCzQfYMu9ZxOdl5hvaw7kzlgABN\nzuI8QSRK5kZZ96O+mrF2j3VPuI8Bl/4QRorT4UCYWmkhDcnWOTcHLj/NE6Tzppir\nS+wbfHiOZggsf6nM7qD3CqPx9cdffoBrBQE8ueQQswrnZB2+CXk2rd2MEzNyoRuw\n58XmQ6JcJkwwvgoNUh9SdUaTsdDPUe/HbUWCwX9bBXKy8PbfZ4ZghsXLmvXgAPH2\nlwIDAQAB\n-----END PUBLIC KEY-----\n",
            "rsa_bits": 2048
          },
          "sensitive_attributes": []
        }
      ]
    }
  ]
}
