{
  "version": 4,
  "terraform_version": "0.15.0",
  "serial": 35,
  "lineage": "9bdc5fb2-282e-e886-25a2-0db474c13de4",
  "outputs": {
    "public_ip_address": {
      "value": "20.61.63.71",
      "type": "string"
    },
    "public_key": {
      "value": "ssh-rsa AAAAB3NzaC1yc2EAAAADAQABAAABAQDTuobEsZfgD0TFzReOX6zTgdfy0IMzE0ASZeQlEnJ24lNdWLynxUOBFkRYoFMZLEQN0WQEeMfaIsvSSfFZjc17M09q3vp7MWYpZSzx6mDSZA/znw65AP7NbeTxvGhLparvY1Xd4tM2fpskNX2g+f3v8qdqsvrv5fzAiZXTXBFs/YaRIKkNiSxvQemMXGfBTJXQ226YXb7/JnwVGnPOgijfUmyU1Rjot7Y6L1/iLFvOowgAs/huVwKptxstYE9ueNNp3cEn1vN5DZhLtodkPMqTThweU1mAib2wUJRiS7fjKvKBR1wfHAe5PHwfDiAe7dLXpBEEKaPFNRB40js7RDLX\n",
      "type": "string"
    },
    "resource_group_name": {
      "value": "omega2",
      "type": "string"
    }
  },
  "resources": [
    {
      "mode": "managed",
      "type": "azurerm_linux_virtual_machine",
      "name": "my_terraform_vm",
      "provider": "provider[\"registry.terraform.io/hashicorp/azurerm\"]",
      "instances": [
        {
          "schema_version": 0,
          "attributes": {
            "additional_capabilities": [],
            "admin_password": null,
            "admin_ssh_key": [
              {
                "public_key": "ssh-rsa AAAAB3NzaC1yc2EAAAADAQABAAABAQDTuobEsZfgD0TFzReOX6zTgdfy0IMzE0ASZeQlEnJ24lNdWLynxUOBFkRYoFMZLEQN0WQEeMfaIsvSSfFZjc17M09q3vp7MWYpZSzx6mDSZA/znw65AP7NbeTxvGhLparvY1Xd4tM2fpskNX2g+f3v8qdqsvrv5fzAiZXTXBFs/YaRIKkNiSxvQemMXGfBTJXQ226YXb7/JnwVGnPOgijfUmyU1Rjot7Y6L1/iLFvOowgAs/huVwKptxstYE9ueNNp3cEn1vN5DZhLtodkPMqTThweU1mAib2wUJRiS7fjKvKBR1wfHAe5PHwfDiAe7dLXpBEEKaPFNRB40js7RDLX\n",
                "username": "azureadmin"
              }
            ],
            "admin_username": "azureadmin",
            "allow_extension_operations": true,
            "availability_set_id": "",
            "boot_diagnostics": [
              {
                "storage_account_uri": "https://diag8364f9a72704a1351.blob.core.windows.net/"
              }
            ],
            "computer_name": "hostname",
            "custom_data": null,
            "dedicated_host_group_id": "",
            "dedicated_host_id": "",
            "disable_password_authentication": true,
            "encryption_at_host_enabled": false,
            "eviction_policy": "",
            "extensions_time_budget": "PT1H30M",
            "id": "/subscriptions/8b770f2f-8a7f-4db1-a45b-5f52b9dc6c73/resourceGroups/omega2/providers/Microsoft.Compute/virtualMachines/myVM1",
            "identity": [],
            "license_type": "",
            "location": "westeurope",
            "max_bid_price": -1,
            "name": "myVM1",
            "network_interface_ids": [
              "/subscriptions/8b770f2f-8a7f-4db1-a45b-5f52b9dc6c73/resourceGroups/omega2/providers/Microsoft.Network/networkInterfaces/myNIC1"
            ],
            "os_disk": [
              {
                "caching": "ReadWrite",
                "diff_disk_settings": [],
                "disk_encryption_set_id": "",
                "disk_size_gb": 30,
                "name": "myOsDisk1",
                "storage_account_type": "Premium_LRS",
                "write_accelerator_enabled": false
              }
            ],
            "patch_mode": "ImageDefault",
            "plan": [],
            "platform_fault_domain": -1,
            "priority": "Regular",
            "private_ip_address": "10.0.1.4",
            "private_ip_addresses": [
              "10.0.1.4"
            ],
            "provision_vm_agent": true,
            "proximity_placement_group_id": "",
            "public_ip_address": "20.61.63.71",
            "public_ip_addresses": [
              "20.61.63.71"
            ],
            "resource_group_name": "omega2",
            "secret": [],
            "secure_boot_enabled": false,
            "size": "Standard_DS1_v2",
            "source_image_id": "",
            "source_image_reference": [
              {
                "offer": "0001-com-ubuntu-server-jammy",
                "publisher": "Canonical",
                "sku": "22_04-lts-gen2",
                "version": "latest"
              }
            ],
            "tags": null,
            "timeouts": null,
            "user_data": "",
            "virtual_machine_id": "438b633d-155d-4122-8459-770c89a323b7",
            "virtual_machine_scale_set_id": "",
            "vtpm_enabled": false,
            "zone": ""
          },
          "sensitive_attributes": [],
          "private": "eyJlMmJmYjczMC1lY2FhLTExZTYtOGY4OC0zNDM2M2JjN2M0YzAiOnsiY3JlYXRlIjoyNzAwMDAwMDAwMDAwLCJkZWxldGUiOjI3MDAwMDAwMDAwMDAsInJlYWQiOjMwMDAwMDAwMDAwMCwidXBkYXRlIjoyNzAwMDAwMDAwMDAwfX0=",
          "dependencies": [
            "azurerm_network_interface.my_terraform_nic",
            "azurerm_public_ip.my_terraform_public_ip",
            "azurerm_resource_group.rg",
            "azurerm_storage_account.my_storage_account",
            "azurerm_subnet.my_terraform_subnet",
            "azurerm_virtual_network.my_terraform_network",
            "random_id.random_id",
            "tls_private_key.omegakey"
          ]
        }
      ]
    },
    {
      "mode": "managed",
      "type": "azurerm_network_interface",
      "name": "my_terraform_nic",
      "provider": "provider[\"registry.terraform.io/hashicorp/azurerm\"]",
      "instances": [
        {
          "schema_version": 0,
          "attributes": {
            "applied_dns_servers": [],
            "dns_servers": [],
            "enable_accelerated_networking": false,
            "enable_ip_forwarding": false,
            "id": "/subscriptions/8b770f2f-8a7f-4db1-a45b-5f52b9dc6c73/resourceGroups/omega2/providers/Microsoft.Network/networkInterfaces/myNIC1",
            "internal_dns_name_label": "",
            "internal_domain_name_suffix": "0ernru2bkwgungihginto3ouqh.ax.internal.cloudapp.net",
            "ip_configuration": [
              {
                "gateway_load_balancer_frontend_ip_configuration_id": "",
                "name": "my_nic_configuration",
                "primary": true,
                "private_ip_address": "10.0.1.4",
                "private_ip_address_allocation": "Dynamic",
                "private_ip_address_version": "IPv4",
                "public_ip_address_id": "/subscriptions/8b770f2f-8a7f-4db1-a45b-5f52b9dc6c73/resourceGroups/omega2/providers/Microsoft.Network/publicIPAddresses/myPublicIP1",
                "subnet_id": "/subscriptions/8b770f2f-8a7f-4db1-a45b-5f52b9dc6c73/resourceGroups/omega2/providers/Microsoft.Network/virtualNetworks/myVnet1/subnets/mySubnet1"
              }
            ],
            "location": "westeurope",
            "mac_address": "",
            "name": "myNIC1",
            "private_ip_address": "10.0.1.4",
            "private_ip_addresses": [
              "10.0.1.4"
            ],
            "resource_group_name": "omega2",
            "tags": null,
            "timeouts": null,
            "virtual_machine_id": ""
          },
          "sensitive_attributes": [],
          "private": "eyJlMmJmYjczMC1lY2FhLTExZTYtOGY4OC0zNDM2M2JjN2M0YzAiOnsiY3JlYXRlIjoxODAwMDAwMDAwMDAwLCJkZWxldGUiOjE4MDAwMDAwMDAwMDAsInJlYWQiOjMwMDAwMDAwMDAwMCwidXBkYXRlIjoxODAwMDAwMDAwMDAwfX0=",
          "dependencies": [
            "azurerm_public_ip.my_terraform_public_ip",
            "azurerm_resource_group.rg",
            "azurerm_subnet.my_terraform_subnet",
            "azurerm_virtual_network.my_terraform_network"
          ]
        }
      ]
    },
    {
      "mode": "managed",
      "type": "azurerm_network_security_group",
      "name": "my_terraform_nsg",
      "provider": "provider[\"registry.terraform.io/hashicorp/azurerm\"]",
      "instances": [
        {
          "schema_version": 0,
          "attributes": {
            "id": "/subscriptions/8b770f2f-8a7f-4db1-a45b-5f52b9dc6c73/resourceGroups/omega2/providers/Microsoft.Network/networkSecurityGroups/myNetworkSecurityGroup1",
            "location": "westeurope",
            "name": "myNetworkSecurityGroup1",
            "resource_group_name": "omega2",
            "security_rule": [
              {
                "access": "Allow",
                "description": "",
                "destination_address_prefix": "*",
                "destination_address_prefixes": [],
                "destination_application_security_group_ids": [],
                "destination_port_range": "22",
                "destination_port_ranges": [],
                "direction": "Inbound",
                "name": "SSH",
                "priority": 1001,
                "protocol": "Tcp",
                "source_address_prefix": "*",
                "source_address_prefixes": [],
                "source_application_security_group_ids": [],
                "source_port_range": "*",
                "source_port_ranges": []
              },
              {
                "access": "Allow",
                "description": "",
                "destination_address_prefix": "*",
                "destination_address_prefixes": [],
                "destination_application_security_group_ids": [],
                "destination_port_range": "5432",
                "destination_port_ranges": [],
                "direction": "Inbound",
                "name": "PostgreSQL",
                "priority": 1002,
                "protocol": "Tcp",
                "source_address_prefix": "*",
                "source_address_prefixes": [],
                "source_application_security_group_ids": [],
                "source_port_range": "*",
                "source_port_ranges": []
              },
              {
                "access": "Allow",
                "description": "",
                "destination_address_prefix": "*",
                "destination_address_prefixes": [],
                "destination_application_security_group_ids": [],
                "destination_port_range": "8080",
                "destination_port_ranges": [],
                "direction": "Inbound",
                "name": "HTTP",
                "priority": 1003,
                "protocol": "Tcp",
                "source_address_prefix": "*",
                "source_address_prefixes": [],
                "source_application_security_group_ids": [],
                "source_port_range": "*",
                "source_port_ranges": []
              },
              {
                "access": "Allow",
                "description": "",
                "destination_address_prefix": "*",
                "destination_address_prefixes": [],
                "destination_application_security_group_ids": [],
                "destination_port_range": "8090",
                "destination_port_ranges": [],
                "direction": "Inbound",
                "name": "HTTPs",
                "priority": 1004,
                "protocol": "Tcp",
                "source_address_prefix": "*",
                "source_address_prefixes": [],
                "source_application_security_group_ids": [],
                "source_port_range": "*",
                "source_port_ranges": []
              }
            ],
            "tags": null,
            "timeouts": null
          },
          "sensitive_attributes": [],
          "private": "eyJlMmJmYjczMC1lY2FhLTExZTYtOGY4OC0zNDM2M2JjN2M0YzAiOnsiY3JlYXRlIjoxODAwMDAwMDAwMDAwLCJkZWxldGUiOjE4MDAwMDAwMDAwMDAsInJlYWQiOjMwMDAwMDAwMDAwMCwidXBkYXRlIjoxODAwMDAwMDAwMDAwfX0=",
          "dependencies": [
            "azurerm_resource_group.rg"
          ]
        }
      ]
    },
    {
      "mode": "managed",
      "type": "azurerm_public_ip",
      "name": "my_terraform_public_ip",
      "provider": "provider[\"registry.terraform.io/hashicorp/azurerm\"]",
      "instances": [
        {
          "schema_version": 0,
          "attributes": {
            "allocation_method": "Dynamic",
            "availability_zone": "No-Zone",
            "domain_name_label": null,
            "fqdn": null,
            "id": "/subscriptions/8b770f2f-8a7f-4db1-a45b-5f52b9dc6c73/resourceGroups/omega2/providers/Microsoft.Network/publicIPAddresses/myPublicIP1",
            "idle_timeout_in_minutes": 4,
            "ip_address": "",
            "ip_tags": null,
            "ip_version": "IPv4",
            "location": "westeurope",
            "name": "myPublicIP1",
            "public_ip_prefix_id": null,
            "resource_group_name": "omega2",
            "reverse_fqdn": null,
            "sku": "Basic",
            "sku_tier": "Regional",
            "tags": null,
            "timeouts": null,
            "zones": []
          },
          "sensitive_attributes": [],
          "private": "eyJlMmJmYjczMC1lY2FhLTExZTYtOGY4OC0zNDM2M2JjN2M0YzAiOnsiY3JlYXRlIjoxODAwMDAwMDAwMDAwLCJkZWxldGUiOjE4MDAwMDAwMDAwMDAsInJlYWQiOjMwMDAwMDAwMDAwMCwidXBkYXRlIjoxODAwMDAwMDAwMDAwfX0=",
          "dependencies": [
            "azurerm_resource_group.rg"
          ]
        }
      ]
    },
    {
      "mode": "managed",
      "type": "azurerm_resource_group",
      "name": "rg",
      "provider": "provider[\"registry.terraform.io/hashicorp/azurerm\"]",
      "instances": [
        {
          "schema_version": 0,
          "attributes": {
            "id": "/subscriptions/8b770f2f-8a7f-4db1-a45b-5f52b9dc6c73/resourceGroups/omega2",
            "location": "westeurope",
            "name": "omega2",
            "tags": null,
            "timeouts": null
          },
          "sensitive_attributes": [],
          "private": "eyJlMmJmYjczMC1lY2FhLTExZTYtOGY4OC0zNDM2M2JjN2M0YzAiOnsiY3JlYXRlIjo1NDAwMDAwMDAwMDAwLCJkZWxldGUiOjU0MDAwMDAwMDAwMDAsInJlYWQiOjMwMDAwMDAwMDAwMCwidXBkYXRlIjo1NDAwMDAwMDAwMDAwfX0="
        }
      ]
    },
    {
      "mode": "managed",
      "type": "azurerm_storage_account",
      "name": "my_storage_account",
      "provider": "provider[\"registry.terraform.io/hashicorp/azurerm\"]",
      "instances": [
        {
          "schema_version": 2,
          "attributes": {
            "access_tier": "Hot",
            "account_kind": "StorageV2",
            "account_replication_type": "LRS",
            "account_tier": "Standard",
            "allow_blob_public_access": false,
            "azure_files_authentication": [],
            "blob_properties": [
              {
                "change_feed_enabled": false,
                "container_delete_retention_policy": [],
                "cors_rule": [],
                "default_service_version": "",
                "delete_retention_policy": [],
                "last_access_time_enabled": false,
                "versioning_enabled": false
              }
            ],
            "custom_domain": [],
            "customer_managed_key": [],
            "enable_https_traffic_only": true,
            "id": "/subscriptions/8b770f2f-8a7f-4db1-a45b-5f52b9dc6c73/resourceGroups/omega2/providers/Microsoft.Storage/storageAccounts/diag8364f9a72704a1351",
            "identity": [],
            "infrastructure_encryption_enabled": false,
            "is_hns_enabled": false,
            "large_file_share_enabled": null,
            "location": "westeurope",
            "min_tls_version": "TLS1_0",
            "name": "diag8364f9a72704a1351",
            "network_rules": [
              {
                "bypass": [
                  "AzureServices"
                ],
                "default_action": "Allow",
                "ip_rules": [],
                "private_link_access": [],
                "virtual_network_subnet_ids": []
              }
            ],
            "nfsv3_enabled": false,
            "primary_access_key": "4x4Y+xFlwFfyDGTUTAdDXSeT7ldhsTCJF0iDCoX0t7Lhejh8WIfBEjf/HGf1cpSKleHN4G8yKJZ6+AStaLHeDA==",
            "primary_blob_connection_string": "DefaultEndpointsProtocol=https;BlobEndpoint=https://diag8364f9a72704a1351.blob.core.windows.net/;AccountName=diag8364f9a72704a1351;AccountKey=4x4Y+xFlwFfyDGTUTAdDXSeT7ldhsTCJF0iDCoX0t7Lhejh8WIfBEjf/HGf1cpSKleHN4G8yKJZ6+AStaLHeDA==",
            "primary_blob_endpoint": "https://diag8364f9a72704a1351.blob.core.windows.net/",
            "primary_blob_host": "diag8364f9a72704a1351.blob.core.windows.net",
            "primary_connection_string": "DefaultEndpointsProtocol=https;AccountName=diag8364f9a72704a1351;AccountKey=4x4Y+xFlwFfyDGTUTAdDXSeT7ldhsTCJF0iDCoX0t7Lhejh8WIfBEjf/HGf1cpSKleHN4G8yKJZ6+AStaLHeDA==;EndpointSuffix=core.windows.net",
            "primary_dfs_endpoint": "https://diag8364f9a72704a1351.dfs.core.windows.net/",
            "primary_dfs_host": "diag8364f9a72704a1351.dfs.core.windows.net",
            "primary_file_endpoint": "https://diag8364f9a72704a1351.file.core.windows.net/",
            "primary_file_host": "diag8364f9a72704a1351.file.core.windows.net",
            "primary_location": "westeurope",
            "primary_queue_endpoint": "https://diag8364f9a72704a1351.queue.core.windows.net/",
            "primary_queue_host": "diag8364f9a72704a1351.queue.core.windows.net",
            "primary_table_endpoint": "https://diag8364f9a72704a1351.table.core.windows.net/",
            "primary_table_host": "diag8364f9a72704a1351.table.core.windows.net",
            "primary_web_endpoint": "https://diag8364f9a72704a1351.z6.web.core.windows.net/",
            "primary_web_host": "diag8364f9a72704a1351.z6.web.core.windows.net",
            "queue_encryption_key_type": "Service",
            "queue_properties": [
              {
                "cors_rule": [],
                "hour_metrics": [
                  {
                    "enabled": true,
                    "include_apis": true,
                    "retention_policy_days": 7,
                    "version": "1.0"
                  }
                ],
                "logging": [
                  {
                    "delete": false,
                    "read": false,
                    "retention_policy_days": 0,
                    "version": "1.0",
                    "write": false
                  }
                ],
                "minute_metrics": [
                  {
                    "enabled": false,
                    "include_apis": false,
                    "retention_policy_days": 0,
                    "version": "1.0"
                  }
                ]
              }
            ],
            "resource_group_name": "omega2",
            "routing": [],
            "secondary_access_key": "A27q40aBWD5Czbj2CzvqTw3EOAk0Gur5h//6bARpfdkMr5WqKsPFylT04uxCkqqu2mHvTgFYSS2Q+ASt7kFLxw==",
            "secondary_blob_connection_string": "",
            "secondary_blob_endpoint": null,
            "secondary_blob_host": null,
            "secondary_connection_string": "DefaultEndpointsProtocol=https;AccountName=diag8364f9a72704a1351;AccountKey=A27q40aBWD5Czbj2CzvqTw3EOAk0Gur5h//6bARpfdkMr5WqKsPFylT04uxCkqqu2mHvTgFYSS2Q+ASt7kFLxw==;EndpointSuffix=core.windows.net",
            "secondary_dfs_endpoint": null,
            "secondary_dfs_host": null,
            "secondary_file_endpoint": null,
            "secondary_file_host": null,
            "secondary_location": "",
            "secondary_queue_endpoint": null,
            "secondary_queue_host": null,
            "secondary_table_endpoint": null,
            "secondary_table_host": null,
            "secondary_web_endpoint": null,
            "secondary_web_host": null,
            "share_properties": [
              {
                "cors_rule": [],
                "retention_policy": [
                  {
                    "days": 7
                  }
                ],
                "smb": []
              }
            ],
            "shared_access_key_enabled": true,
            "static_website": [],
            "table_encryption_key_type": "Service",
            "tags": null,
            "timeouts": null
          },
          "sensitive_attributes": [],
          "private": "eyJlMmJmYjczMC1lY2FhLTExZTYtOGY4OC0zNDM2M2JjN2M0YzAiOnsiY3JlYXRlIjozNjAwMDAwMDAwMDAwLCJkZWxldGUiOjM2MDAwMDAwMDAwMDAsInJlYWQiOjMwMDAwMDAwMDAwMCwidXBkYXRlIjozNjAwMDAwMDAwMDAwfSwic2NoZW1hX3ZlcnNpb24iOiIyIn0=",
          "dependencies": [
            "azurerm_resource_group.rg",
            "random_id.random_id"
          ]
        }
      ]
    },
    {
      "mode": "managed",
      "type": "azurerm_subnet",
      "name": "my_terraform_subnet",
      "provider": "provider[\"registry.terraform.io/hashicorp/azurerm\"]",
      "instances": [
        {
          "schema_version": 0,
          "attributes": {
            "address_prefix": "10.0.1.0/24",
            "address_prefixes": [
              "10.0.1.0/24"
            ],
            "delegation": [],
            "enforce_private_link_endpoint_network_policies": false,
            "enforce_private_link_service_network_policies": false,
            "id": "/subscriptions/8b770f2f-8a7f-4db1-a45b-5f52b9dc6c73/resourceGroups/omega2/providers/Microsoft.Network/virtualNetworks/myVnet1/subnets/mySubnet1",
            "name": "mySubnet1",
            "resource_group_name": "omega2",
            "service_endpoint_policy_ids": null,
            "service_endpoints": null,
            "timeouts": null,
            "virtual_network_name": "myVnet1"
          },
          "sensitive_attributes": [],
          "private": "eyJlMmJmYjczMC1lY2FhLTExZTYtOGY4OC0zNDM2M2JjN2M0YzAiOnsiY3JlYXRlIjoxODAwMDAwMDAwMDAwLCJkZWxldGUiOjE4MDAwMDAwMDAwMDAsInJlYWQiOjMwMDAwMDAwMDAwMCwidXBkYXRlIjoxODAwMDAwMDAwMDAwfX0=",
          "dependencies": [
            "azurerm_resource_group.rg",
            "azurerm_virtual_network.my_terraform_network"
          ]
        }
      ]
    },
    {
      "mode": "managed",
      "type": "azurerm_virtual_network",
      "name": "my_terraform_network",
      "provider": "provider[\"registry.terraform.io/hashicorp/azurerm\"]",
      "instances": [
        {
          "schema_version": 0,
          "attributes": {
            "address_space": [
              "10.0.0.0/16"
            ],
            "bgp_community": "",
            "ddos_protection_plan": [],
            "dns_servers": [],
            "flow_timeout_in_minutes": 0,
            "guid": "d3d822d1-5581-468d-9907-321b3775d487",
            "id": "/subscriptions/8b770f2f-8a7f-4db1-a45b-5f52b9dc6c73/resourceGroups/omega2/providers/Microsoft.Network/virtualNetworks/myVnet1",
            "location": "westeurope",
            "name": "myVnet1",
            "resource_group_name": "omega2",
            "subnet": [],
            "tags": null,
            "timeouts": null,
            "vm_protection_enabled": false
          },
          "sensitive_attributes": [],
          "private": "eyJlMmJmYjczMC1lY2FhLTExZTYtOGY4OC0zNDM2M2JjN2M0YzAiOnsiY3JlYXRlIjoxODAwMDAwMDAwMDAwLCJkZWxldGUiOjE4MDAwMDAwMDAwMDAsInJlYWQiOjMwMDAwMDAwMDAwMCwidXBkYXRlIjoxODAwMDAwMDAwMDAwfX0=",
          "dependencies": [
            "azurerm_resource_group.rg"
          ]
        }
      ]
    },
    {
      "mode": "managed",
      "type": "random_id",
      "name": "random_id",
      "provider": "provider[\"registry.terraform.io/hashicorp/random\"]",
      "instances": [
        {
          "schema_version": 0,
          "attributes": {
            "b64_std": "g2T5pycEoTU=",
            "b64_url": "g2T5pycEoTU",
            "byte_length": 8,
            "dec": "9467966812949094709",
            "hex": "8364f9a72704a135",
            "id": "g2T5pycEoTU",
            "keepers": {
              "resource_group": "omega2"
            },
            "prefix": null
          },
          "sensitive_attributes": [],
          "dependencies": [
            "azurerm_resource_group.rg"
          ]
        }
      ]
    },
    {
      "mode": "managed",
      "type": "tls_private_key",
      "name": "omegakey",
      "provider": "provider[\"registry.terraform.io/hashicorp/tls\"]",
      "instances": [
        {
          "schema_version": 1,
          "attributes": {
            "algorithm": "RSA",
            "ecdsa_curve": "P224",
            "id": "d4e44a355ad40ceba14fb215b86ab84d6c383545",
            "private_key_openssh": "-----BEGIN OPENSSH PRIVATE KEY-----\nb3BlbnNzaC1rZXktdjEAAAAABG5vbmUAAAAEbm9uZQAAAAAAAAABAAABFwAAAAdz\nc2gtcnNhAAAAAwEAAQAAAQEA07qGxLGX4A9Exc0Xjl+s04HX8tCDMxNAEmXkJRJy\nduJTXVi8p8VDgRZEWKBTGSxEDdFkBHjH2iLL0knxWY3NezNPat76ezFmKWUs8epg\n0mQP858OuQD+zW3k8bxoS6Wq72NV3eLTNn6bJDV9oPn97/KnarL67+X8wImV01wR\nbP2GkSCpDYksb0HpjFxnwUyV0NtumF2+/yZ8FRpzzoIo31JslNUY6Le2Oi9f4ixb\nzqMIALP4blcCqbcbLWBPbnjTad3BJ9bzeQ2YS7aHZDzKk04cHlNZgIm9sFCUYku3\n4yrygUdcHxwHuTx8Hw4gHu3S16QRBCmjxTUQeNI7O0Qy1wAAA7hfAnyjXwJ8owAA\nAAdzc2gtcnNhAAABAQDTuobEsZfgD0TFzReOX6zTgdfy0IMzE0ASZeQlEnJ24lNd\nWLynxUOBFkRYoFMZLEQN0WQEeMfaIsvSSfFZjc17M09q3vp7MWYpZSzx6mDSZA/z\nnw65AP7NbeTxvGhLparvY1Xd4tM2fpskNX2g+f3v8qdqsvrv5fzAiZXTXBFs/YaR\nIKkNiSxvQemMXGfBTJXQ226YXb7/JnwVGnPOgijfUmyU1Rjot7Y6L1/iLFvOowgA\ns/huVwKptxstYE9ueNNp3cEn1vN5DZhLtodkPMqTThweU1mAib2wUJRiS7fjKvKB\nR1wfHAe5PHwfDiAe7dLXpBEEKaPFNRB40js7RDLXAAAAAwEAAQAAAQBGJp0UeosJ\nj8WHjAZsA8MtaO3146Q0vgISlnPa3JvUS/S3Dvmi1LcjBA+tFaGyy3nY4jGzUZlV\n6wWBLUKsG1GjqkJ79FkljB5/RKh5luBxlPm8DE1CetPxmKGsfnJH7iIOoukGVWsJ\nuTUJ8DcpqOq8H7fcoGSIK7lsyak8mFqls1f7v2DIjE7XSJ7CPhjkysYSxplAFR1d\nkJ6Fa7MZNF2hHNx+P9EHWfbOcQzt1CmGIaleEWDz+80T1KVzmzO99jizw7qcHi8Y\nkvJngCA75+JcFTvvwHVKPa2bQJLthNA2D3v+gD6WTDFWIBVS4eIMvWVDRx0VP/fU\nYpN7idS1tyaRAAAAgQCiwFTecMh5ejSQjedUHUG6KC3ZJlX2EC1Ug5cKs+4br/wg\nWYjySZywboC1vaWLIThhO+R4hcIhctPr7gIIh2FCJY1lV5GYeuyr1Mnoug7qfVE7\njVS7F9fLtGZlk1Hxyi2x75UJdRXLCG2Zdczg2+A0YUlyaE3PFA6hsnMK+hOxAQAA\nAIEA89IZqY0TMJq8GQ9hE83Im5I2F0T9Ef1SOllwuOYfDoIoJq7iGkTn6+w+IOOI\n0qhzyqWJ/7anAViUdNzG19udEkWePmuTve+M52pQTBSi1FlGTKNYeFuXJ/Uj3neY\nfAHQprEj6lmT+Pz9zn6m/DYE/EZlzEk07/cE9ag8KY38ansAAACBAN5OCwYa2FEA\n1aEzndirG4jnj0tQ2bDpzVLN0QHMyDl+pFLsqmcVDRgulWmLfQnXXmFpd79bUZTP\nPY/jU1OT95H1rIlo/qxqMF5S/3n17ZglVSx9KxAtPG/aFb4G52sBQlC9xHRP0Itl\nJl/f1yeClQOMc8P7tzfwfa6btL4kEwhVAAAAAAEC\n-----END OPENSSH PRIVATE KEY-----\n",
            "private_key_pem": "-----BEGIN RSA PRIVATE KEY-----\nMIIEowIBAAKCAQEA07qGxLGX4A9Exc0Xjl+s04HX8tCDMxNAEmXkJRJyduJTXVi8\np8VDgRZEWKBTGSxEDdFkBHjH2iLL0knxWY3NezNPat76ezFmKWUs8epg0mQP858O\nuQD+zW3k8bxoS6Wq72NV3eLTNn6bJDV9oPn97/KnarL67+X8wImV01wRbP2GkSCp\nDYksb0HpjFxnwUyV0NtumF2+/yZ8FRpzzoIo31JslNUY6Le2Oi9f4ixbzqMIALP4\nblcCqbcbLWBPbnjTad3BJ9bzeQ2YS7aHZDzKk04cHlNZgIm9sFCUYku34yrygUdc\nHxwHuTx8Hw4gHu3S16QRBCmjxTUQeNI7O0Qy1wIDAQABAoIBAEYmnRR6iwmPxYeM\nBmwDwy1o7fXjpDS+AhKWc9rcm9RL9LcO+aLUtyMED60VobLLedjiMbNRmVXrBYEt\nQqwbUaOqQnv0WSWMHn9EqHmW4HGU+bwMTUJ60/GYoax+ckfuIg6i6QZVawm5NQnw\nNymo6rwft9ygZIgruWzJqTyYWqWzV/u/YMiMTtdInsI+GOTKxhLGmUAVHV2QnoVr\nsxk0XaEc3H4/0QdZ9s5xDO3UKYYhqV4RYPP7zRPUpXObM732OLPDupweLxiS8meA\nIDvn4lwVO+/AdUo9rZtAku2E0DYPe/6APpZMMVYgFVLh4gy9ZUNHHRU/99Rik3uJ\n1LW3JpECgYEA89IZqY0TMJq8GQ9hE83Im5I2F0T9Ef1SOllwuOYfDoIoJq7iGkTn\n6+w+IOOI0qhzyqWJ/7anAViUdNzG19udEkWePmuTve+M52pQTBSi1FlGTKNYeFuX\nJ/Uj3neYfAHQprEj6lmT+Pz9zn6m/DYE/EZlzEk07/cE9ag8KY38ansCgYEA3k4L\nBhrYUQDVoTOd2KsbiOePS1DZsOnNUs3RAczIOX6kUuyqZxUNGC6VaYt9CddeYWl3\nv1tRlM89j+NTU5P3kfWsiWj+rGowXlL/efXtmCVVLH0rEC08b9oVvgbnawFCUL3E\ndE/Qi2UmX9/XJ4KVA4xzw/u3N/B9rpu0viQTCFUCgYBiaDMJVrIfFOTELIve5ViJ\nSbrhK2wE3bxZZo3zYpW4UloIOt9xAMymUORGe+9WLr0FVkjbV4oSJgFNJWpv5uh/\nXm/e+6ZWq5+wKx2bh1ys3hdciTUE5tqcOvmuKZD2w/jFvosjY+IwRVPfCwk0lEzw\n0Sz3BbkC/S0YRT16/B6bjwKBgELjSo/YrfOZg63QQRM7ULqdqdDoj8eaYYwjn1qi\nSjB6eWj2CsOfYuQ+x/gM31+BrMU0nbI3ANH8lTJhHOZN5DTHrdVegRpRjSIkaPhC\nVe3sdbdAJh/k7IVfIiGeJC1fIJv4rU6t4TrAAY7hY/RgZwO9U+vJJjSvqLFL6lM3\nuX5NAoGBAKLAVN5wyHl6NJCN51QdQbooLdkmVfYQLVSDlwqz7huv/CBZiPJJnLBu\ngLW9pYshOGE75HiFwiFy0+vuAgiHYUIljWVXkZh67KvUyei6Dup9UTuNVLsX18u0\nZmWTUfHKLbHvlQl1FcsIbZl1zODb4DRhSXJoTc8UDqGycwr6E7EB\n-----END RSA PRIVATE KEY-----\n",
            "private_key_pem_pkcs8": "-----BEGIN PRIVATE KEY-----\nMIIEvQIBADANBgkqhkiG9w0BAQEFAASCBKcwggSjAgEAAoIBAQDTuobEsZfgD0TF\nzReOX6zTgdfy0IMzE0ASZeQlEnJ24lNdWLynxUOBFkRYoFMZLEQN0WQEeMfaIsvS\nSfFZjc17M09q3vp7MWYpZSzx6mDSZA/znw65AP7NbeTxvGhLparvY1Xd4tM2fpsk\nNX2g+f3v8qdqsvrv5fzAiZXTXBFs/YaRIKkNiSxvQemMXGfBTJXQ226YXb7/JnwV\nGnPOgijfUmyU1Rjot7Y6L1/iLFvOowgAs/huVwKptxstYE9ueNNp3cEn1vN5DZhL\ntodkPMqTThweU1mAib2wUJRiS7fjKvKBR1wfHAe5PHwfDiAe7dLXpBEEKaPFNRB4\n0js7RDLXAgMBAAECggEARiadFHqLCY/Fh4wGbAPDLWjt9eOkNL4CEpZz2tyb1Ev0\ntw75otS3IwQPrRWhsst52OIxs1GZVesFgS1CrBtRo6pCe/RZJYwef0SoeZbgcZT5\nvAxNQnrT8ZihrH5yR+4iDqLpBlVrCbk1CfA3KajqvB+33KBkiCu5bMmpPJhapbNX\n+79gyIxO10iewj4Y5MrGEsaZQBUdXZCehWuzGTRdoRzcfj/RB1n2znEM7dQphiGp\nXhFg8/vNE9Slc5szvfY4s8O6nB4vGJLyZ4AgO+fiXBU778B1Sj2tm0CS7YTQNg97\n/oA+lkwxViAVUuHiDL1lQ0cdFT/31GKTe4nUtbcmkQKBgQDz0hmpjRMwmrwZD2ET\nzcibkjYXRP0R/VI6WXC45h8OgigmruIaROfr7D4g44jSqHPKpYn/tqcBWJR03MbX\n250SRZ4+a5O974znalBMFKLUWUZMo1h4W5cn9SPed5h8AdCmsSPqWZP4/P3Ofqb8\nNgT8RmXMSTTv9wT1qDwpjfxqewKBgQDeTgsGGthRANWhM53YqxuI549LUNmw6c1S\nzdEBzMg5fqRS7KpnFQ0YLpVpi30J115haXe/W1GUzz2P41NTk/eR9ayJaP6sajBe\nUv959e2YJVUsfSsQLTxv2hW+BudrAUJQvcR0T9CLZSZf39cngpUDjHPD+7c38H2u\nm7S+JBMIVQKBgGJoMwlWsh8U5MQsi97lWIlJuuErbATdvFlmjfNilbhSWgg633EA\nzKZQ5EZ771YuvQVWSNtXihImAU0lam/m6H9eb977plarn7ArHZuHXKzeF1yJNQTm\n2pw6+a4pkPbD+MW+iyNj4jBFU98LCTSUTPDRLPcFuQL9LRhFPXr8HpuPAoGAQuNK\nj9it85mDrdBBEztQup2p0OiPx5phjCOfWqJKMHp5aPYKw59i5D7H+AzfX4GsxTSd\nsjcA0fyVMmEc5k3kNMet1V6BGlGNIiRo+EJV7ex1t0AmH+TshV8iIZ4kLV8gm/it\nTq3hOsABjuFj9GBnA71T68kmNK+osUvqUze5fk0CgYEAosBU3nDIeXo0kI3nVB1B\nuigt2SZV9hAtVIOXCrPuG6/8IFmI8kmcsG6Atb2liyE4YTvkeIXCIXLT6+4CCIdh\nQiWNZVeRmHrsq9TJ6LoO6n1RO41UuxfXy7RmZZNR8cotse+VCXUVywhtmXXM4Nvg\nNGFJcmhNzxQOobJzCvoTsQE=\n-----END PRIVATE KEY-----\n",
            "public_key_fingerprint_md5": "34:de:7f:e4:d1:b1:33:0d:88:dc:7a:87:23:3f:b3:ce",
            "public_key_fingerprint_sha256": "SHA256:BrbTBM5fHiJkaImCv0afxzubF3rIuMuBXBLJadM9sfw",
            "public_key_openssh": "ssh-rsa AAAAB3NzaC1yc2EAAAADAQABAAABAQDTuobEsZfgD0TFzReOX6zTgdfy0IMzE0ASZeQlEnJ24lNdWLynxUOBFkRYoFMZLEQN0WQEeMfaIsvSSfFZjc17M09q3vp7MWYpZSzx6mDSZA/znw65AP7NbeTxvGhLparvY1Xd4tM2fpskNX2g+f3v8qdqsvrv5fzAiZXTXBFs/YaRIKkNiSxvQemMXGfBTJXQ226YXb7/JnwVGnPOgijfUmyU1Rjot7Y6L1/iLFvOowgAs/huVwKptxstYE9ueNNp3cEn1vN5DZhLtodkPMqTThweU1mAib2wUJRiS7fjKvKBR1wfHAe5PHwfDiAe7dLXpBEEKaPFNRB40js7RDLX\n",
            "public_key_pem": "-----BEGIN PUBLIC KEY-----\nMIIBIjANBgkqhkiG9w0BAQEFAAOCAQ8AMIIBCgKCAQEA07qGxLGX4A9Exc0Xjl+s\n04HX8tCDMxNAEmXkJRJyduJTXVi8p8VDgRZEWKBTGSxEDdFkBHjH2iLL0knxWY3N\nezNPat76ezFmKWUs8epg0mQP858OuQD+zW3k8bxoS6Wq72NV3eLTNn6bJDV9oPn9\n7/KnarL67+X8wImV01wRbP2GkSCpDYksb0HpjFxnwUyV0NtumF2+/yZ8FRpzzoIo\n31JslNUY6Le2Oi9f4ixbzqMIALP4blcCqbcbLWBPbnjTad3BJ9bzeQ2YS7aHZDzK\nk04cHlNZgIm9sFCUYku34yrygUdcHxwHuTx8Hw4gHu3S16QRBCmjxTUQeNI7O0Qy\n1wIDAQAB\n-----END PUBLIC KEY-----\n",
            "rsa_bits": 2048
          },
          "sensitive_attributes": []
        }
      ]
    }
  ]
}
